// !$*UTF8*$!
{
	archiveVersion = 1;
	classes = {
	};
	objectVersion = 46;
	objects = {

/* Begin PBXBuildFile section */
		460D57DD1F5E65BE00242786 /* MyFirstAppTests.swift in Sources */ = {isa = PBXBuildFile; fileRef = 460D57DC1F5E65BE00242786 /* MyFirstAppTests.swift */; };
		460D57EB1F5E65EC00242786 /* MyFirstAppUITests.swift in Sources */ = {isa = PBXBuildFile; fileRef = 460D57EA1F5E65EC00242786 /* MyFirstAppUITests.swift */; };
		462409861F55248900B0D230 /* login.storyboard in Resources */ = {isa = PBXBuildFile; fileRef = 462409851F55248900B0D230 /* login.storyboard */; };
		462409881F56A97500B0D230 /* NavController.swift in Sources */ = {isa = PBXBuildFile; fileRef = 462409871F56A97500B0D230 /* NavController.swift */; };
		462409961F5D361100B0D230 /* InfoWebView.swift in Sources */ = {isa = PBXBuildFile; fileRef = 462409951F5D361100B0D230 /* InfoWebView.swift */; };
		462C33F31FB14FE3002375AB /* MobileCard.swift in Sources */ = {isa = PBXBuildFile; fileRef = 462C33F21FB14FE3002375AB /* MobileCard.swift */; };
		462C33F51FB18D6D002375AB /* OutPatient.swift in Sources */ = {isa = PBXBuildFile; fileRef = 462C33F41FB18D6D002375AB /* OutPatient.swift */; };
		462C33F91FB2D9C3002375AB /* OPlist.swift in Sources */ = {isa = PBXBuildFile; fileRef = 462C33F81FB2D9C3002375AB /* OPlist.swift */; };
		462C33FB1FB51B88002375AB /* OPcell.swift in Sources */ = {isa = PBXBuildFile; fileRef = 462C33FA1FB51B88002375AB /* OPcell.swift */; };
		4648C90A1F392EEA004EB270 /* MainView.swift in Sources */ = {isa = PBXBuildFile; fileRef = 4648C9091F392EEA004EB270 /* MainView.swift */; };
		464F8BB21F43D2DE008F81E0 /* GradientView.swift in Sources */ = {isa = PBXBuildFile; fileRef = 464F8BB11F43D2DE008F81E0 /* GradientView.swift */; };
		465378DF1F7C6B1E00E9BBA4 /* UserDefaultKey.swift in Sources */ = {isa = PBXBuildFile; fileRef = 465378DE1F7C6B1E00E9BBA4 /* UserDefaultKey.swift */; };
		465378E11F7CDB2900E9BBA4 /* MedicalExam.swift in Sources */ = {isa = PBXBuildFile; fileRef = 465378E01F7CDB2900E9BBA4 /* MedicalExam.swift */; };
		465378E31F8F346500E9BBA4 /* MElist.swift in Sources */ = {isa = PBXBuildFile; fileRef = 465378E21F8F346500E9BBA4 /* MElist.swift */; };
		46578ABE1F947C36007CDA36 /* TagNumList.swift in Sources */ = {isa = PBXBuildFile; fileRef = 46578ABD1F947C36007CDA36 /* TagNumList.swift */; };
		46578AC01F95E900007CDA36 /* ExamWebView.swift in Sources */ = {isa = PBXBuildFile; fileRef = 46578ABF1F95E900007CDA36 /* ExamWebView.swift */; };
		46720BA61F039199004AE4A8 /* AppDelegate.swift in Sources */ = {isa = PBXBuildFile; fileRef = 46720BA51F039199004AE4A8 /* AppDelegate.swift */; };
		46720BA81F039199004AE4A8 /* ViewController.swift in Sources */ = {isa = PBXBuildFile; fileRef = 46720BA71F039199004AE4A8 /* ViewController.swift */; };
		46720BAB1F039199004AE4A8 /* Main.storyboard in Resources */ = {isa = PBXBuildFile; fileRef = 46720BA91F039199004AE4A8 /* Main.storyboard */; };
		46720BAD1F039199004AE4A8 /* Assets.xcassets in Resources */ = {isa = PBXBuildFile; fileRef = 46720BAC1F039199004AE4A8 /* Assets.xcassets */; };
		46720BB01F039199004AE4A8 /* LaunchScreen.storyboard in Resources */ = {isa = PBXBuildFile; fileRef = 46720BAE1F039199004AE4A8 /* LaunchScreen.storyboard */; };
		4681FE111F6130150038E307 /* CustomNavSegue.swift in Sources */ = {isa = PBXBuildFile; fileRef = 4681FE101F6130150038E307 /* CustomNavSegue.swift */; };
		46C3989D1F6FAB3700368C01 /* Record.swift in Sources */ = {isa = PBXBuildFile; fileRef = 46C3989C1F6FAB3700368C01 /* Record.swift */; };
		46C3989F1F70FD1E00368C01 /* Barcode.swift in Sources */ = {isa = PBXBuildFile; fileRef = 46C3989E1F70FD1E00368C01 /* Barcode.swift */; };
		46C398A11F7335E900368C01 /* HttpClient.swift in Sources */ = {isa = PBXBuildFile; fileRef = 46C398A01F7335E900368C01 /* HttpClient.swift */; };
		46C398A31F737FDB00368C01 /* UserDefault.swift in Sources */ = {isa = PBXBuildFile; fileRef = 46C398A21F737FDB00368C01 /* UserDefault.swift */; };
		7CD45B9F019D7BF10B4373C9 /* Pods_MyFirstApp.framework in Frameworks */ = {isa = PBXBuildFile; fileRef = 59965708967B901CB7E6D7F7 /* Pods_MyFirstApp.framework */; };
		F704EE831FB479A000064B90 /* SWRevealViewController.m in Sources */ = {isa = PBXBuildFile; fileRef = F704EE811FB4799F00064B90 /* SWRevealViewController.m */; };
		F76EF86F1F9DCFFF002F34AC /* Reservation_result.swift in Sources */ = {isa = PBXBuildFile; fileRef = F76EF86E1F9DCFFF002F34AC /* Reservation_result.swift */; };
		F76EF8711F9DD55E002F34AC /* Resresult.swift in Sources */ = {isa = PBXBuildFile; fileRef = F76EF8701F9DD55E002F34AC /* Resresult.swift */; };
		F774FB0A1FAC00BE00CF9DE0 /* Detail_date.swift in Sources */ = {isa = PBXBuildFile; fileRef = F774FB091FAC00BE00CF9DE0 /* Detail_date.swift */; };
		F780C2A21FA00D730024C768 /* recentlist.swift in Sources */ = {isa = PBXBuildFile; fileRef = F780C2A11FA00D730024C768 /* recentlist.swift */; };
		F780C2A41FA6A7F20024C768 /* Detail_doctor.swift in Sources */ = {isa = PBXBuildFile; fileRef = F780C2A31FA6A7F20024C768 /* Detail_doctor.swift */; };
		F78200831F99D0E80039D390 /* MaintabController.swift in Sources */ = {isa = PBXBuildFile; fileRef = F78200821F99D0E70039D390 /* MaintabController.swift */; };
		F78200881F99DED10039D390 /* mobile_reserve.swift in Sources */ = {isa = PBXBuildFile; fileRef = F78200871F99DED10039D390 /* mobile_reserve.swift */; };
		F782008A1F99E17B0039D390 /* Reslist.swift in Sources */ = {isa = PBXBuildFile; fileRef = F78200891F99E17B0039D390 /* Reslist.swift */; };
		F7A668D21FA80D6D00B51FAE /* doctorList.swift in Sources */ = {isa = PBXBuildFile; fileRef = F7A668D11FA80D6D00B51FAE /* doctorList.swift */; };
		F7D6E7851FAFF7AB00226B7D /* FSCalendar.framework in Frameworks */ = {isa = PBXBuildFile; fileRef = F7D6E7841FAFF7AB00226B7D /* FSCalendar.framework */; };
/* End PBXBuildFile section */

/* Begin PBXContainerItemProxy section */
		460D57DF1F5E65BE00242786 /* PBXContainerItemProxy */ = {
			isa = PBXContainerItemProxy;
			containerPortal = 46720B9A1F039199004AE4A8 /* Project object */;
			proxyType = 1;
			remoteGlobalIDString = 46720BA11F039199004AE4A8;
			remoteInfo = MyFirstApp;
		};
		460D57ED1F5E65EC00242786 /* PBXContainerItemProxy */ = {
			isa = PBXContainerItemProxy;
			containerPortal = 46720B9A1F039199004AE4A8 /* Project object */;
			proxyType = 1;
			remoteGlobalIDString = 46720BA11F039199004AE4A8;
			remoteInfo = MyFirstApp;
		};
/* End PBXContainerItemProxy section */

/* Begin PBXFileReference section */
		460D57DA1F5E65BE00242786 /* MyFirstAppTests.xctest */ = {isa = PBXFileReference; explicitFileType = wrapper.cfbundle; includeInIndex = 0; path = MyFirstAppTests.xctest; sourceTree = BUILT_PRODUCTS_DIR; };
		460D57DC1F5E65BE00242786 /* MyFirstAppTests.swift */ = {isa = PBXFileReference; lastKnownFileType = sourcecode.swift; path = MyFirstAppTests.swift; sourceTree = "<group>"; };
		460D57DE1F5E65BE00242786 /* Info.plist */ = {isa = PBXFileReference; lastKnownFileType = text.plist.xml; path = Info.plist; sourceTree = "<group>"; };
		460D57E81F5E65EC00242786 /* MyFirstAppUITests.xctest */ = {isa = PBXFileReference; explicitFileType = wrapper.cfbundle; includeInIndex = 0; path = MyFirstAppUITests.xctest; sourceTree = BUILT_PRODUCTS_DIR; };
		460D57EA1F5E65EC00242786 /* MyFirstAppUITests.swift */ = {isa = PBXFileReference; lastKnownFileType = sourcecode.swift; path = MyFirstAppUITests.swift; sourceTree = "<group>"; };
		460D57EC1F5E65EC00242786 /* Info.plist */ = {isa = PBXFileReference; lastKnownFileType = text.plist.xml; path = Info.plist; sourceTree = "<group>"; };
		462409811F54F17E00B0D230 /* MyFirstApp-Bridging-Header.h */ = {isa = PBXFileReference; lastKnownFileType = sourcecode.c.h; path = "MyFirstApp-Bridging-Header.h"; sourceTree = "<group>"; };
		462409851F55248900B0D230 /* login.storyboard */ = {isa = PBXFileReference; fileEncoding = 4; lastKnownFileType = file.storyboard; path = login.storyboard; sourceTree = "<group>"; };
		462409871F56A97500B0D230 /* NavController.swift */ = {isa = PBXFileReference; fileEncoding = 4; lastKnownFileType = sourcecode.swift; path = NavController.swift; sourceTree = "<group>"; };
		462409951F5D361100B0D230 /* InfoWebView.swift */ = {isa = PBXFileReference; fileEncoding = 4; lastKnownFileType = sourcecode.swift; name = InfoWebView.swift; path = ../InfoWebView.swift; sourceTree = "<group>"; };
		462C33F21FB14FE3002375AB /* MobileCard.swift */ = {isa = PBXFileReference; fileEncoding = 4; lastKnownFileType = sourcecode.swift; path = MobileCard.swift; sourceTree = "<group>"; };
		462C33F41FB18D6D002375AB /* OutPatient.swift */ = {isa = PBXFileReference; fileEncoding = 4; lastKnownFileType = sourcecode.swift; path = OutPatient.swift; sourceTree = "<group>"; };
		462C33F81FB2D9C3002375AB /* OPlist.swift */ = {isa = PBXFileReference; fileEncoding = 4; lastKnownFileType = sourcecode.swift; path = OPlist.swift; sourceTree = "<group>"; };
		462C33FA1FB51B88002375AB /* OPcell.swift */ = {isa = PBXFileReference; fileEncoding = 4; lastKnownFileType = sourcecode.swift; path = OPcell.swift; sourceTree = "<group>"; };
		4648C9091F392EEA004EB270 /* MainView.swift */ = {isa = PBXFileReference; fileEncoding = 4; lastKnownFileType = sourcecode.swift; path = MainView.swift; sourceTree = "<group>"; };
		464F8BB11F43D2DE008F81E0 /* GradientView.swift */ = {isa = PBXFileReference; fileEncoding = 4; lastKnownFileType = sourcecode.swift; path = GradientView.swift; sourceTree = "<group>"; };
		465378DE1F7C6B1E00E9BBA4 /* UserDefaultKey.swift */ = {isa = PBXFileReference; fileEncoding = 4; lastKnownFileType = sourcecode.swift; path = UserDefaultKey.swift; sourceTree = "<group>"; };
		465378E01F7CDB2900E9BBA4 /* MedicalExam.swift */ = {isa = PBXFileReference; fileEncoding = 4; lastKnownFileType = sourcecode.swift; path = MedicalExam.swift; sourceTree = "<group>"; };
		465378E21F8F346500E9BBA4 /* MElist.swift */ = {isa = PBXFileReference; fileEncoding = 4; lastKnownFileType = sourcecode.swift; path = MElist.swift; sourceTree = "<group>"; };
		46578ABD1F947C36007CDA36 /* TagNumList.swift */ = {isa = PBXFileReference; fileEncoding = 4; lastKnownFileType = sourcecode.swift; path = TagNumList.swift; sourceTree = "<group>"; };
		46578ABF1F95E900007CDA36 /* ExamWebView.swift */ = {isa = PBXFileReference; fileEncoding = 4; lastKnownFileType = sourcecode.swift; path = ExamWebView.swift; sourceTree = "<group>"; };
		46720BA21F039199004AE4A8 /* MyFirstApp.app */ = {isa = PBXFileReference; explicitFileType = wrapper.application; includeInIndex = 0; path = MyFirstApp.app; sourceTree = BUILT_PRODUCTS_DIR; };
		46720BA51F039199004AE4A8 /* AppDelegate.swift */ = {isa = PBXFileReference; lastKnownFileType = sourcecode.swift; path = AppDelegate.swift; sourceTree = "<group>"; };
		46720BA71F039199004AE4A8 /* ViewController.swift */ = {isa = PBXFileReference; lastKnownFileType = sourcecode.swift; path = ViewController.swift; sourceTree = "<group>"; };
		46720BAA1F039199004AE4A8 /* Base */ = {isa = PBXFileReference; lastKnownFileType = file.storyboard; name = Base; path = Base.lproj/Main.storyboard; sourceTree = "<group>"; };
		46720BAC1F039199004AE4A8 /* Assets.xcassets */ = {isa = PBXFileReference; lastKnownFileType = folder.assetcatalog; path = Assets.xcassets; sourceTree = "<group>"; };
		46720BAF1F039199004AE4A8 /* Base */ = {isa = PBXFileReference; lastKnownFileType = file.storyboard; name = Base; path = Base.lproj/LaunchScreen.storyboard; sourceTree = "<group>"; };
		46720BB11F039199004AE4A8 /* Info.plist */ = {isa = PBXFileReference; lastKnownFileType = text.plist.xml; path = Info.plist; sourceTree = "<group>"; };
		46720BB81F04C8A7004AE4A8 /* MyPlayground.playground */ = {isa = PBXFileReference; lastKnownFileType = file.playground; path = MyPlayground.playground; sourceTree = "<group>"; };
		4681FE101F6130150038E307 /* CustomNavSegue.swift */ = {isa = PBXFileReference; fileEncoding = 4; lastKnownFileType = sourcecode.swift; path = CustomNavSegue.swift; sourceTree = "<group>"; };
		46C3989C1F6FAB3700368C01 /* Record.swift */ = {isa = PBXFileReference; fileEncoding = 4; lastKnownFileType = sourcecode.swift; path = Record.swift; sourceTree = "<group>"; };
		46C3989E1F70FD1E00368C01 /* Barcode.swift */ = {isa = PBXFileReference; fileEncoding = 4; lastKnownFileType = sourcecode.swift; path = Barcode.swift; sourceTree = "<group>"; };
		46C398A01F7335E900368C01 /* HttpClient.swift */ = {isa = PBXFileReference; fileEncoding = 4; lastKnownFileType = sourcecode.swift; path = HttpClient.swift; sourceTree = "<group>"; };
		46C398A21F737FDB00368C01 /* UserDefault.swift */ = {isa = PBXFileReference; fileEncoding = 4; lastKnownFileType = sourcecode.swift; path = UserDefault.swift; sourceTree = "<group>"; };
		59965708967B901CB7E6D7F7 /* Pods_MyFirstApp.framework */ = {isa = PBXFileReference; explicitFileType = wrapper.framework; includeInIndex = 0; path = Pods_MyFirstApp.framework; sourceTree = BUILT_PRODUCTS_DIR; };
		73E83FDE9B38F2321F51EC36 /* Pods-MyFirstApp.release.xcconfig */ = {isa = PBXFileReference; includeInIndex = 1; lastKnownFileType = text.xcconfig; name = "Pods-MyFirstApp.release.xcconfig"; path = "Pods/Target Support Files/Pods-MyFirstApp/Pods-MyFirstApp.release.xcconfig"; sourceTree = "<group>"; };
		8FB7691F374D34382B8CD9AD /* Pods-MyFirstApp.debug.xcconfig */ = {isa = PBXFileReference; includeInIndex = 1; lastKnownFileType = text.xcconfig; name = "Pods-MyFirstApp.debug.xcconfig"; path = "Pods/Target Support Files/Pods-MyFirstApp/Pods-MyFirstApp.debug.xcconfig"; sourceTree = "<group>"; };
		F704EE811FB4799F00064B90 /* SWRevealViewController.m */ = {isa = PBXFileReference; lastKnownFileType = sourcecode.c.objc; name = SWRevealViewController.m; path = ../../../../Downloads/SWRevealViewController.m; sourceTree = "<group>"; };
		F704EE821FB4799F00064B90 /* SWRevealViewController.h */ = {isa = PBXFileReference; lastKnownFileType = sourcecode.c.h; name = SWRevealViewController.h; path = ../../../../Downloads/SWRevealViewController.h; sourceTree = "<group>"; };
		F76EF86E1F9DCFFF002F34AC /* Reservation_result.swift */ = {isa = PBXFileReference; lastKnownFileType = sourcecode.swift; path = Reservation_result.swift; sourceTree = "<group>"; };
		F76EF8701F9DD55E002F34AC /* Resresult.swift */ = {isa = PBXFileReference; lastKnownFileType = sourcecode.swift; path = Resresult.swift; sourceTree = "<group>"; };
		F774FB091FAC00BE00CF9DE0 /* Detail_date.swift */ = {isa = PBXFileReference; lastKnownFileType = sourcecode.swift; path = Detail_date.swift; sourceTree = "<group>"; };
		F780C2A11FA00D730024C768 /* recentlist.swift */ = {isa = PBXFileReference; lastKnownFileType = sourcecode.swift; path = recentlist.swift; sourceTree = "<group>"; };
		F780C2A31FA6A7F20024C768 /* Detail_doctor.swift */ = {isa = PBXFileReference; lastKnownFileType = sourcecode.swift; path = Detail_doctor.swift; sourceTree = "<group>"; };
		F78200821F99D0E70039D390 /* MaintabController.swift */ = {isa = PBXFileReference; lastKnownFileType = sourcecode.swift; path = MaintabController.swift; sourceTree = "<group>"; };
		F78200871F99DED10039D390 /* mobile_reserve.swift */ = {isa = PBXFileReference; lastKnownFileType = sourcecode.swift; path = mobile_reserve.swift; sourceTree = "<group>"; };
		F78200891F99E17B0039D390 /* Reslist.swift */ = {isa = PBXFileReference; lastKnownFileType = sourcecode.swift; path = Reslist.swift; sourceTree = "<group>"; };
		F7A668D11FA80D6D00B51FAE /* doctorList.swift */ = {isa = PBXFileReference; lastKnownFileType = sourcecode.swift; path = doctorList.swift; sourceTree = "<group>"; };
		F7D6E7841FAFF7AB00226B7D /* FSCalendar.framework */ = {isa = PBXFileReference; lastKnownFileType = wrapper.framework; name = FSCalendar.framework; path = Carthage/Build/iOS/FSCalendar.framework; sourceTree = "<group>"; };
/* End PBXFileReference section */

/* Begin PBXFrameworksBuildPhase section */
		460D57D71F5E65BE00242786 /* Frameworks */ = {
			isa = PBXFrameworksBuildPhase;
			buildActionMask = 2147483647;
			files = (
			);
			runOnlyForDeploymentPostprocessing = 0;
		};
		460D57E51F5E65EC00242786 /* Frameworks */ = {
			isa = PBXFrameworksBuildPhase;
			buildActionMask = 2147483647;
			files = (
			);
			runOnlyForDeploymentPostprocessing = 0;
		};
		46720B9F1F039199004AE4A8 /* Frameworks */ = {
			isa = PBXFrameworksBuildPhase;
			buildActionMask = 2147483647;
			files = (
				F7D6E7851FAFF7AB00226B7D /* FSCalendar.framework in Frameworks */,
				7CD45B9F019D7BF10B4373C9 /* Pods_MyFirstApp.framework in Frameworks */,
			);
			runOnlyForDeploymentPostprocessing = 0;
		};
/* End PBXFrameworksBuildPhase section */

/* Begin PBXGroup section */
		0D355AB873AC7E62457B6476 /* Frameworks */ = {
			isa = PBXGroup;
			children = (
				F7D6E7841FAFF7AB00226B7D /* FSCalendar.framework */,
				59965708967B901CB7E6D7F7 /* Pods_MyFirstApp.framework */,
			);
			name = Frameworks;
			sourceTree = "<group>";
		};
		460D57DB1F5E65BE00242786 /* MyFirstAppTests */ = {
			isa = PBXGroup;
			children = (
				460D57DC1F5E65BE00242786 /* MyFirstAppTests.swift */,
				460D57DE1F5E65BE00242786 /* Info.plist */,
			);
			path = MyFirstAppTests;
			sourceTree = "<group>";
		};
		460D57E91F5E65EC00242786 /* MyFirstAppUITests */ = {
			isa = PBXGroup;
			children = (
				460D57EA1F5E65EC00242786 /* MyFirstAppUITests.swift */,
				460D57EC1F5E65EC00242786 /* Info.plist */,
			);
			path = MyFirstAppUITests;
			sourceTree = "<group>";
		};
		462409801F54F0C600B0D230 /* SupportingFile */ = {
			isa = PBXGroup;
			children = (
				F704EE821FB4799F00064B90 /* SWRevealViewController.h */,
				F704EE811FB4799F00064B90 /* SWRevealViewController.m */,
				462409811F54F17E00B0D230 /* MyFirstApp-Bridging-Header.h */,
			);
			name = SupportingFile;
			sourceTree = "<group>";
		};
		46720B991F039199004AE4A8 = {
			isa = PBXGroup;
			children = (
				46720BA41F039199004AE4A8 /* MyFirstApp */,
				460D57DB1F5E65BE00242786 /* MyFirstAppTests */,
				460D57E91F5E65EC00242786 /* MyFirstAppUITests */,
				46720BA31F039199004AE4A8 /* Products */,
				F3339537A26D7564841D65FD /* Pods */,
				0D355AB873AC7E62457B6476 /* Frameworks */,
			);
			sourceTree = "<group>";
		};
		46720BA31F039199004AE4A8 /* Products */ = {
			isa = PBXGroup;
			children = (
				46720BA21F039199004AE4A8 /* MyFirstApp.app */,
				460D57DA1F5E65BE00242786 /* MyFirstAppTests.xctest */,
				460D57E81F5E65EC00242786 /* MyFirstAppUITests.xctest */,
			);
			name = Products;
			sourceTree = "<group>";
		};
		46720BA41F039199004AE4A8 /* MyFirstApp */ = {
			isa = PBXGroup;
			children = (
				F7D6E7871FB03A0C00226B7D /* reservation */,
				462409801F54F0C600B0D230 /* SupportingFile */,
				46720BA51F039199004AE4A8 /* AppDelegate.swift */,
				46720BA71F039199004AE4A8 /* ViewController.swift */,
				46720BA91F039199004AE4A8 /* Main.storyboard */,
				4648C9091F392EEA004EB270 /* MainView.swift */,
				46720BAC1F039199004AE4A8 /* Assets.xcassets */,
				46720BAE1F039199004AE4A8 /* LaunchScreen.storyboard */,
				46720BB11F039199004AE4A8 /* Info.plist */,
				46720BB81F04C8A7004AE4A8 /* MyPlayground.playground */,
				464F8BB11F43D2DE008F81E0 /* GradientView.swift */,
				462409851F55248900B0D230 /* login.storyboard */,
				462409871F56A97500B0D230 /* NavController.swift */,
				462409951F5D361100B0D230 /* InfoWebView.swift */,
				4681FE101F6130150038E307 /* CustomNavSegue.swift */,
				46C3989C1F6FAB3700368C01 /* Record.swift */,
				46C3989E1F70FD1E00368C01 /* Barcode.swift */,
				46C398A01F7335E900368C01 /* HttpClient.swift */,
				46C398A21F737FDB00368C01 /* UserDefault.swift */,
				465378DE1F7C6B1E00E9BBA4 /* UserDefaultKey.swift */,
				465378E01F7CDB2900E9BBA4 /* MedicalExam.swift */,
				465378E21F8F346500E9BBA4 /* MElist.swift */,
				46578ABD1F947C36007CDA36 /* TagNumList.swift */,
				46578ABF1F95E900007CDA36 /* ExamWebView.swift */,
				462C33F21FB14FE3002375AB /* MobileCard.swift */,
				462C33F41FB18D6D002375AB /* OutPatient.swift */,
				462C33F81FB2D9C3002375AB /* OPlist.swift */,
				462C33FA1FB51B88002375AB /* OPcell.swift */,
			);
			path = MyFirstApp;
			sourceTree = "<group>";
		};
		F3339537A26D7564841D65FD /* Pods */ = {
			isa = PBXGroup;
			children = (
				8FB7691F374D34382B8CD9AD /* Pods-MyFirstApp.debug.xcconfig */,
				73E83FDE9B38F2321F51EC36 /* Pods-MyFirstApp.release.xcconfig */,
			);
			name = Pods;
			sourceTree = "<group>";
		};
		F7D6E7871FB03A0C00226B7D /* reservation */ = {
			isa = PBXGroup;
			children = (
				F774FB091FAC00BE00CF9DE0 /* Detail_date.swift */,
				F780C2A31FA6A7F20024C768 /* Detail_doctor.swift */,
				F7A668D11FA80D6D00B51FAE /* doctorList.swift */,
				F78200821F99D0E70039D390 /* MaintabController.swift */,
				F78200871F99DED10039D390 /* mobile_reserve.swift */,
				F780C2A11FA00D730024C768 /* recentlist.swift */,
				F76EF86E1F9DCFFF002F34AC /* Reservation_result.swift */,
				F78200891F99E17B0039D390 /* Reslist.swift */,
				F76EF8701F9DD55E002F34AC /* Resresult.swift */,
			);
			name = reservation;
			sourceTree = "<group>";
		};
/* End PBXGroup section */

/* Begin PBXNativeTarget section */
		460D57D91F5E65BE00242786 /* MyFirstAppTests */ = {
			isa = PBXNativeTarget;
			buildConfigurationList = 460D57E31F5E65BE00242786 /* Build configuration list for PBXNativeTarget "MyFirstAppTests" */;
			buildPhases = (
				460D57D61F5E65BE00242786 /* Sources */,
				460D57D71F5E65BE00242786 /* Frameworks */,
				460D57D81F5E65BE00242786 /* Resources */,
			);
			buildRules = (
			);
			dependencies = (
				460D57E01F5E65BE00242786 /* PBXTargetDependency */,
			);
			name = MyFirstAppTests;
			productName = MyFirstAppTests;
			productReference = 460D57DA1F5E65BE00242786 /* MyFirstAppTests.xctest */;
			productType = "com.apple.product-type.bundle.unit-test";
		};
		460D57E71F5E65EC00242786 /* MyFirstAppUITests */ = {
			isa = PBXNativeTarget;
			buildConfigurationList = 460D57EF1F5E65EC00242786 /* Build configuration list for PBXNativeTarget "MyFirstAppUITests" */;
			buildPhases = (
				460D57E41F5E65EC00242786 /* Sources */,
				460D57E51F5E65EC00242786 /* Frameworks */,
				460D57E61F5E65EC00242786 /* Resources */,
			);
			buildRules = (
			);
			dependencies = (
				460D57EE1F5E65EC00242786 /* PBXTargetDependency */,
			);
			name = MyFirstAppUITests;
			productName = MyFirstAppUITests;
			productReference = 460D57E81F5E65EC00242786 /* MyFirstAppUITests.xctest */;
			productType = "com.apple.product-type.bundle.ui-testing";
		};
		46720BA11F039199004AE4A8 /* MyFirstApp */ = {
			isa = PBXNativeTarget;
			buildConfigurationList = 46720BB41F039199004AE4A8 /* Build configuration list for PBXNativeTarget "MyFirstApp" */;
			buildPhases = (
				4FC5E53DA279F7C8BE392ABE /* [CP] Check Pods Manifest.lock */,
				46720B9E1F039199004AE4A8 /* Sources */,
				46720B9F1F039199004AE4A8 /* Frameworks */,
				46720BA01F039199004AE4A8 /* Resources */,
				487D0B3239AB6EBB5D0D2BA3 /* [CP] Embed Pods Frameworks */,
				CE914AD050CEEE3CB5CA81FE /* [CP] Copy Pods Resources */,
				F7D6E7861FAFF7B200226B7D /* ShellScript */,
			);
			buildRules = (
			);
			dependencies = (
			);
			name = MyFirstApp;
			productName = MyFirstApp;
			productReference = 46720BA21F039199004AE4A8 /* MyFirstApp.app */;
			productType = "com.apple.product-type.application";
		};
/* End PBXNativeTarget section */

/* Begin PBXProject section */
		46720B9A1F039199004AE4A8 /* Project object */ = {
			isa = PBXProject;
			attributes = {
				KnownAssetTags = (
					sss,
				);
				LastSwiftUpdateCheck = 0830;
				LastUpgradeCheck = 0830;
				ORGANIZATIONNAME = "Joonsang Yoo";
				TargetAttributes = {
					460D57D91F5E65BE00242786 = {
						CreatedOnToolsVersion = 8.3.3;
						ProvisioningStyle = Automatic;
						TestTargetID = 46720BA11F039199004AE4A8;
					};
					460D57E71F5E65EC00242786 = {
						CreatedOnToolsVersion = 8.3.3;
						ProvisioningStyle = Automatic;
						TestTargetID = 46720BA11F039199004AE4A8;
					};
					46720BA11F039199004AE4A8 = {
						CreatedOnToolsVersion = 8.3.3;
						LastSwiftMigration = 0830;
						ProvisioningStyle = Automatic;
					};
				};
			};
			buildConfigurationList = 46720B9D1F039199004AE4A8 /* Build configuration list for PBXProject "MyFirstApp" */;
			compatibilityVersion = "Xcode 3.2";
			developmentRegion = English;
			hasScannedForEncodings = 0;
			knownRegions = (
				en,
				Base,
			);
			mainGroup = 46720B991F039199004AE4A8;
			productRefGroup = 46720BA31F039199004AE4A8 /* Products */;
			projectDirPath = "";
			projectRoot = "";
			targets = (
				46720BA11F039199004AE4A8 /* MyFirstApp */,
				460D57D91F5E65BE00242786 /* MyFirstAppTests */,
				460D57E71F5E65EC00242786 /* MyFirstAppUITests */,
			);
		};
/* End PBXProject section */

/* Begin PBXResourcesBuildPhase section */
		460D57D81F5E65BE00242786 /* Resources */ = {
			isa = PBXResourcesBuildPhase;
			buildActionMask = 2147483647;
			files = (
			);
			runOnlyForDeploymentPostprocessing = 0;
		};
		460D57E61F5E65EC00242786 /* Resources */ = {
			isa = PBXResourcesBuildPhase;
			buildActionMask = 2147483647;
			files = (
			);
			runOnlyForDeploymentPostprocessing = 0;
		};
		46720BA01F039199004AE4A8 /* Resources */ = {
			isa = PBXResourcesBuildPhase;
			buildActionMask = 2147483647;
			files = (
				462409861F55248900B0D230 /* login.storyboard in Resources */,
				46720BB01F039199004AE4A8 /* LaunchScreen.storyboard in Resources */,
				46720BAD1F039199004AE4A8 /* Assets.xcassets in Resources */,
				46720BAB1F039199004AE4A8 /* Main.storyboard in Resources */,
			);
			runOnlyForDeploymentPostprocessing = 0;
		};
/* End PBXResourcesBuildPhase section */

/* Begin PBXShellScriptBuildPhase section */
		487D0B3239AB6EBB5D0D2BA3 /* [CP] Embed Pods Frameworks */ = {
			isa = PBXShellScriptBuildPhase;
			buildActionMask = 2147483647;
			files = (
			);
			inputPaths = (
			);
			name = "[CP] Embed Pods Frameworks";
			outputPaths = (
			);
			runOnlyForDeploymentPostprocessing = 0;
			shellPath = /bin/sh;
			shellScript = "\"${SRCROOT}/Pods/Target Support Files/Pods-MyFirstApp/Pods-MyFirstApp-frameworks.sh\"\n";
			showEnvVarsInLog = 0;
		};
		4FC5E53DA279F7C8BE392ABE /* [CP] Check Pods Manifest.lock */ = {
			isa = PBXShellScriptBuildPhase;
			buildActionMask = 2147483647;
			files = (
			);
			inputPaths = (
			);
			name = "[CP] Check Pods Manifest.lock";
			outputPaths = (
			);
			runOnlyForDeploymentPostprocessing = 0;
			shellPath = /bin/sh;
			shellScript = "diff \"${PODS_PODFILE_DIR_PATH}/Podfile.lock\" \"${PODS_ROOT}/Manifest.lock\" > /dev/null\nif [ $? != 0 ] ; then\n    # print error to STDERR\n    echo \"error: The sandbox is not in sync with the Podfile.lock. Run 'pod install' or update your CocoaPods installation.\" >&2\n    exit 1\nfi\n";
			showEnvVarsInLog = 0;
		};
		CE914AD050CEEE3CB5CA81FE /* [CP] Copy Pods Resources */ = {
			isa = PBXShellScriptBuildPhase;
			buildActionMask = 2147483647;
			files = (
			);
			inputPaths = (
			);
			name = "[CP] Copy Pods Resources";
			outputPaths = (
			);
			runOnlyForDeploymentPostprocessing = 0;
			shellPath = /bin/sh;
			shellScript = "\"${SRCROOT}/Pods/Target Support Files/Pods-MyFirstApp/Pods-MyFirstApp-resources.sh\"\n";
			showEnvVarsInLog = 0;
		};
		F7D6E7861FAFF7B200226B7D /* ShellScript */ = {
			isa = PBXShellScriptBuildPhase;
			buildActionMask = 2147483647;
			files = (
			);
			inputPaths = (
				"$(SRCROOT)/Carthage/Build/iOS/FSCalendar.framework",
			);
			outputPaths = (
			);
			runOnlyForDeploymentPostprocessing = 0;
			shellPath = /bin/sh;
			shellScript = "/usr/local/bin/carthage copy-frameworks";
		};
/* End PBXShellScriptBuildPhase section */

/* Begin PBXSourcesBuildPhase section */
		460D57D61F5E65BE00242786 /* Sources */ = {
			isa = PBXSourcesBuildPhase;
			buildActionMask = 2147483647;
			files = (
				460D57DD1F5E65BE00242786 /* MyFirstAppTests.swift in Sources */,
			);
			runOnlyForDeploymentPostprocessing = 0;
		};
		460D57E41F5E65EC00242786 /* Sources */ = {
			isa = PBXSourcesBuildPhase;
			buildActionMask = 2147483647;
			files = (
				460D57EB1F5E65EC00242786 /* MyFirstAppUITests.swift in Sources */,
			);
			runOnlyForDeploymentPostprocessing = 0;
		};
		46720B9E1F039199004AE4A8 /* Sources */ = {
			isa = PBXSourcesBuildPhase;
			buildActionMask = 2147483647;
			files = (
				462C33F51FB18D6D002375AB /* OutPatient.swift in Sources */,
				465378E11F7CDB2900E9BBA4 /* MedicalExam.swift in Sources */,
				F7A668D21FA80D6D00B51FAE /* doctorList.swift in Sources */,
				4681FE111F6130150038E307 /* CustomNavSegue.swift in Sources */,
				462C33FB1FB51B88002375AB /* OPcell.swift in Sources */,
				46720BA81F039199004AE4A8 /* ViewController.swift in Sources */,
				462C33F31FB14FE3002375AB /* MobileCard.swift in Sources */,
				46578ABE1F947C36007CDA36 /* TagNumList.swift in Sources */,
				46C3989D1F6FAB3700368C01 /* Record.swift in Sources */,
				F780C2A21FA00D730024C768 /* recentlist.swift in Sources */,
				4648C90A1F392EEA004EB270 /* MainView.swift in Sources */,
				464F8BB21F43D2DE008F81E0 /* GradientView.swift in Sources */,
				46720BA61F039199004AE4A8 /* AppDelegate.swift in Sources */,
				F76EF8711F9DD55E002F34AC /* Resresult.swift in Sources */,
				F774FB0A1FAC00BE00CF9DE0 /* Detail_date.swift in Sources */,
				462C33F91FB2D9C3002375AB /* OPlist.swift in Sources */,
				F780C2A41FA6A7F20024C768 /* Detail_doctor.swift in Sources */,
				F704EE831FB479A000064B90 /* SWRevealViewController.m in Sources */,
				46578AC01F95E900007CDA36 /* ExamWebView.swift in Sources */,
				46C398A11F7335E900368C01 /* HttpClient.swift in Sources */,
				46C398A31F737FDB00368C01 /* UserDefault.swift in Sources */,
				465378E31F8F346500E9BBA4 /* MElist.swift in Sources */,
				462409961F5D361100B0D230 /* InfoWebView.swift in Sources */,
				465378DF1F7C6B1E00E9BBA4 /* UserDefaultKey.swift in Sources */,
				46C3989F1F70FD1E00368C01 /* Barcode.swift in Sources */,
				F78200881F99DED10039D390 /* mobile_reserve.swift in Sources */,
				F76EF86F1F9DCFFF002F34AC /* Reservation_result.swift in Sources */,
				F78200831F99D0E80039D390 /* MaintabController.swift in Sources */,
				F782008A1F99E17B0039D390 /* Reslist.swift in Sources */,
				462409881F56A97500B0D230 /* NavController.swift in Sources */,
			);
			runOnlyForDeploymentPostprocessing = 0;
		};
/* End PBXSourcesBuildPhase section */

/* Begin PBXTargetDependency section */
		460D57E01F5E65BE00242786 /* PBXTargetDependency */ = {
			isa = PBXTargetDependency;
			target = 46720BA11F039199004AE4A8 /* MyFirstApp */;
			targetProxy = 460D57DF1F5E65BE00242786 /* PBXContainerItemProxy */;
		};
		460D57EE1F5E65EC00242786 /* PBXTargetDependency */ = {
			isa = PBXTargetDependency;
			target = 46720BA11F039199004AE4A8 /* MyFirstApp */;
			targetProxy = 460D57ED1F5E65EC00242786 /* PBXContainerItemProxy */;
		};
/* End PBXTargetDependency section */

/* Begin PBXVariantGroup section */
		46720BA91F039199004AE4A8 /* Main.storyboard */ = {
			isa = PBXVariantGroup;
			children = (
				46720BAA1F039199004AE4A8 /* Base */,
			);
			name = Main.storyboard;
			sourceTree = "<group>";
		};
		46720BAE1F039199004AE4A8 /* LaunchScreen.storyboard */ = {
			isa = PBXVariantGroup;
			children = (
				46720BAF1F039199004AE4A8 /* Base */,
			);
			name = LaunchScreen.storyboard;
			sourceTree = "<group>";
		};
/* End PBXVariantGroup section */

/* Begin XCBuildConfiguration section */
		460D57E11F5E65BE00242786 /* Debug */ = {
			isa = XCBuildConfiguration;
			buildSettings = {
				BUNDLE_LOADER = "$(TEST_HOST)";
				INFOPLIST_FILE = MyFirstAppTests/Info.plist;
				LD_RUNPATH_SEARCH_PATHS = "$(inherited) @executable_path/Frameworks @loader_path/Frameworks";
				PRODUCT_BUNDLE_IDENTIFIER = kr.example.MyFirstAppTests;
				PRODUCT_NAME = "$(TARGET_NAME)";
				SWIFT_VERSION = 3.0;
				TEST_HOST = "$(BUILT_PRODUCTS_DIR)/MyFirstApp.app/MyFirstApp";
			};
			name = Debug;
		};
		460D57E21F5E65BE00242786 /* Release */ = {
			isa = XCBuildConfiguration;
			buildSettings = {
				BUNDLE_LOADER = "$(TEST_HOST)";
				INFOPLIST_FILE = MyFirstAppTests/Info.plist;
				LD_RUNPATH_SEARCH_PATHS = "$(inherited) @executable_path/Frameworks @loader_path/Frameworks";
				PRODUCT_BUNDLE_IDENTIFIER = kr.example.MyFirstAppTests;
				PRODUCT_NAME = "$(TARGET_NAME)";
				SWIFT_VERSION = 3.0;
				TEST_HOST = "$(BUILT_PRODUCTS_DIR)/MyFirstApp.app/MyFirstApp";
			};
			name = Release;
		};
		460D57F01F5E65EC00242786 /* Debug */ = {
			isa = XCBuildConfiguration;
			buildSettings = {
				INFOPLIST_FILE = MyFirstAppUITests/Info.plist;
				LD_RUNPATH_SEARCH_PATHS = "$(inherited) @executable_path/Frameworks @loader_path/Frameworks";
				PRODUCT_BUNDLE_IDENTIFIER = kr.example.MyFirstAppUITests;
				PRODUCT_NAME = "$(TARGET_NAME)";
				SWIFT_VERSION = 3.0;
				TEST_TARGET_NAME = MyFirstApp;
			};
			name = Debug;
		};
		460D57F11F5E65EC00242786 /* Release */ = {
			isa = XCBuildConfiguration;
			buildSettings = {
				INFOPLIST_FILE = MyFirstAppUITests/Info.plist;
				LD_RUNPATH_SEARCH_PATHS = "$(inherited) @executable_path/Frameworks @loader_path/Frameworks";
				PRODUCT_BUNDLE_IDENTIFIER = kr.example.MyFirstAppUITests;
				PRODUCT_NAME = "$(TARGET_NAME)";
				SWIFT_VERSION = 3.0;
				TEST_TARGET_NAME = MyFirstApp;
			};
			name = Release;
		};
		46720BB21F039199004AE4A8 /* Debug */ = {
			isa = XCBuildConfiguration;
			buildSettings = {
				ALWAYS_SEARCH_USER_PATHS = NO;
				CLANG_ANALYZER_NONNULL = YES;
				CLANG_ANALYZER_NUMBER_OBJECT_CONVERSION = YES_AGGRESSIVE;
				CLANG_CXX_LANGUAGE_STANDARD = "gnu++0x";
				CLANG_CXX_LIBRARY = "libc++";
				CLANG_ENABLE_MODULES = YES;
				CLANG_ENABLE_OBJC_ARC = YES;
				CLANG_WARN_BOOL_CONVERSION = YES;
				CLANG_WARN_CONSTANT_CONVERSION = YES;
				CLANG_WARN_DIRECT_OBJC_ISA_USAGE = YES_ERROR;
				CLANG_WARN_DOCUMENTATION_COMMENTS = YES;
				CLANG_WARN_EMPTY_BODY = YES;
				CLANG_WARN_ENUM_CONVERSION = YES;
				CLANG_WARN_INFINITE_RECURSION = YES;
				CLANG_WARN_INT_CONVERSION = YES;
				CLANG_WARN_OBJC_ROOT_CLASS = YES_ERROR;
				CLANG_WARN_SUSPICIOUS_MOVE = YES;
				CLANG_WARN_UNREACHABLE_CODE = YES;
				CLANG_WARN__DUPLICATE_METHOD_MATCH = YES;
				"CODE_SIGN_IDENTITY[sdk=iphoneos*]" = "iPhone Developer";
				COPY_PHASE_STRIP = NO;
				DEBUG_INFORMATION_FORMAT = dwarf;
				ENABLE_STRICT_OBJC_MSGSEND = YES;
				ENABLE_TESTABILITY = YES;
				GCC_C_LANGUAGE_STANDARD = gnu99;
				GCC_DYNAMIC_NO_PIC = NO;
				GCC_NO_COMMON_BLOCKS = YES;
				GCC_OPTIMIZATION_LEVEL = 0;
				GCC_PREPROCESSOR_DEFINITIONS = (
					"DEBUG=1",
					"$(inherited)",
				);
				GCC_WARN_64_TO_32_BIT_CONVERSION = YES;
				GCC_WARN_ABOUT_RETURN_TYPE = YES_ERROR;
				GCC_WARN_UNDECLARED_SELECTOR = YES;
				GCC_WARN_UNINITIALIZED_AUTOS = YES_AGGRESSIVE;
				GCC_WARN_UNUSED_FUNCTION = YES;
				GCC_WARN_UNUSED_VARIABLE = YES;
				IPHONEOS_DEPLOYMENT_TARGET = 10.3;
				MTL_ENABLE_DEBUG_INFO = YES;
				ONLY_ACTIVE_ARCH = YES;
				SDKROOT = iphoneos;
				SWIFT_ACTIVE_COMPILATION_CONDITIONS = DEBUG;
				SWIFT_OPTIMIZATION_LEVEL = "-Onone";
			};
			name = Debug;
		};
		46720BB31F039199004AE4A8 /* Release */ = {
			isa = XCBuildConfiguration;
			buildSettings = {
				ALWAYS_SEARCH_USER_PATHS = NO;
				CLANG_ANALYZER_NONNULL = YES;
				CLANG_ANALYZER_NUMBER_OBJECT_CONVERSION = YES_AGGRESSIVE;
				CLANG_CXX_LANGUAGE_STANDARD = "gnu++0x";
				CLANG_CXX_LIBRARY = "libc++";
				CLANG_ENABLE_MODULES = YES;
				CLANG_ENABLE_OBJC_ARC = YES;
				CLANG_WARN_BOOL_CONVERSION = YES;
				CLANG_WARN_CONSTANT_CONVERSION = YES;
				CLANG_WARN_DIRECT_OBJC_ISA_USAGE = YES_ERROR;
				CLANG_WARN_DOCUMENTATION_COMMENTS = YES;
				CLANG_WARN_EMPTY_BODY = YES;
				CLANG_WARN_ENUM_CONVERSION = YES;
				CLANG_WARN_INFINITE_RECURSION = YES;
				CLANG_WARN_INT_CONVERSION = YES;
				CLANG_WARN_OBJC_ROOT_CLASS = YES_ERROR;
				CLANG_WARN_SUSPICIOUS_MOVE = YES;
				CLANG_WARN_UNREACHABLE_CODE = YES;
				CLANG_WARN__DUPLICATE_METHOD_MATCH = YES;
				"CODE_SIGN_IDENTITY[sdk=iphoneos*]" = "iPhone Developer";
				COPY_PHASE_STRIP = NO;
				DEBUG_INFORMATION_FORMAT = "dwarf-with-dsym";
				ENABLE_NS_ASSERTIONS = NO;
				ENABLE_STRICT_OBJC_MSGSEND = YES;
				GCC_C_LANGUAGE_STANDARD = gnu99;
				GCC_NO_COMMON_BLOCKS = YES;
				GCC_WARN_64_TO_32_BIT_CONVERSION = YES;
				GCC_WARN_ABOUT_RETURN_TYPE = YES_ERROR;
				GCC_WARN_UNDECLARED_SELECTOR = YES;
				GCC_WARN_UNINITIALIZED_AUTOS = YES_AGGRESSIVE;
				GCC_WARN_UNUSED_FUNCTION = YES;
				GCC_WARN_UNUSED_VARIABLE = YES;
				IPHONEOS_DEPLOYMENT_TARGET = 10.3;
				MTL_ENABLE_DEBUG_INFO = NO;
				SDKROOT = iphoneos;
				SWIFT_OPTIMIZATION_LEVEL = "-Owholemodule";
				VALIDATE_PRODUCT = YES;
			};
			name = Release;
		};
		46720BB51F039199004AE4A8 /* Debug */ = {
			isa = XCBuildConfiguration;
			baseConfigurationReference = 8FB7691F374D34382B8CD9AD /* Pods-MyFirstApp.debug.xcconfig */;
			buildSettings = {
				ASSETCATALOG_COMPILER_APPICON_NAME = AppIcon;
				CLANG_ENABLE_MODULES = YES;
				FRAMEWORK_SEARCH_PATHS = (
					"$(inherited)",
					"$(PROJECT_DIR)/Carthage/Build/iOS",
				);
				INFOPLIST_FILE = MyFirstApp/Info.plist;
				LD_RUNPATH_SEARCH_PATHS = "$(inherited) @executable_path/Frameworks";
				PRODUCT_BUNDLE_IDENTIFIER = kr.example.MyFirstApp;
				PRODUCT_NAME = "$(TARGET_NAME)";
				SWIFT_OBJC_BRIDGING_HEADER = "MyFirstApp/MyFirstApp-Bridging-Header.h";
				SWIFT_OPTIMIZATION_LEVEL = "-Onone";
				SWIFT_VERSION = 3.0;
			};
			name = Debug;
		};
		46720BB61F039199004AE4A8 /* Release */ = {
			isa = XCBuildConfiguration;
			baseConfigurationReference = 73E83FDE9B38F2321F51EC36 /* Pods-MyFirstApp.release.xcconfig */;
			buildSettings = {
				ASSETCATALOG_COMPILER_APPICON_NAME = AppIcon;
				CLANG_ENABLE_MODULES = YES;
				FRAMEWORK_SEARCH_PATHS = (
					"$(inherited)",
					"$(PROJECT_DIR)/Carthage/Build/iOS",
				);
				INFOPLIST_FILE = MyFirstApp/Info.plist;
				LD_RUNPATH_SEARCH_PATHS = "$(inherited) @executable_path/Frameworks";
				PRODUCT_BUNDLE_IDENTIFIER = kr.example.MyFirstApp;
				PRODUCT_NAME = "$(TARGET_NAME)";
				SWIFT_OBJC_BRIDGING_HEADER = "MyFirstApp/MyFirstApp-Bridging-Header.h";
				SWIFT_VERSION = 3.0;
			};
			name = Release;
		};
/* End XCBuildConfiguration section */

/* Begin XCConfigurationList section */
		460D57E31F5E65BE00242786 /* Build configuration list for PBXNativeTarget "MyFirstAppTests" */ = {
			isa = XCConfigurationList;
			buildConfigurations = (
				460D57E11F5E65BE00242786 /* Debug */,
				460D57E21F5E65BE00242786 /* Release */,
			);
			defaultConfigurationIsVisible = 0;
			defaultConfigurationName = Release;
		};
		460D57EF1F5E65EC00242786 /* Build configuration list for PBXNativeTarget "MyFirstAppUITests" */ = {
			isa = XCConfigurationList;
			buildConfigurations = (
				460D57F01F5E65EC00242786 /* Debug */,
				460D57F11F5E65EC00242786 /* Release */,
			);
			defaultConfigurationIsVisible = 0;
			defaultConfigurationName = Release;
		};
		46720B9D1F039199004AE4A8 /* Build configuration list for PBXProject "MyFirstApp" */ = {
			isa = XCConfigurationList;
			buildConfigurations = (
				46720BB21F039199004AE4A8 /* Debug */,
				46720BB31F039199004AE4A8 /* Release */,
			);
			defaultConfigurationIsVisible = 0;
			defaultConfigurationName = Release;
		};
		46720BB41F039199004AE4A8 /* Build configuration list for PBXNativeTarget "MyFirstApp" */ = {
			isa = XCConfigurationList;
			buildConfigurations = (
				46720BB51F039199004AE4A8 /* Debug */,
				46720BB61F039199004AE4A8 /* Release */,
			);
			defaultConfigurationIsVisible = 0;
			defaultConfigurationName = Release;
		};
/* End XCConfigurationList section */
	};
	rootObject = 46720B9A1F039199004AE4A8 /* Project object */;
}
